# THIS IS AN AUTOGENERATED FILE. DO NOT EDIT THIS FILE DIRECTLY.
# yarn lockfile v1


node-bin-setup@^1.0.0:
  version "1.1.4"
  resolved "https://registry.yarnpkg.com/node-bin-setup/-/node-bin-setup-1.1.4.tgz#e5a666044152b54d8d84b95297977ae07fd04047"
  integrity sha512-vWNHOne0ZUavArqPP5LJta50+S8R261Fr5SvGul37HbEDcowvLjwdvd0ZeSr0r2lTSrPxl6okq9QUw8BFGiAxA==

node@^25.8.1:
  version "25.8.1"
  resolved "https://registry.yarnpkg.com/node/-/node-25.8.1.tgz#e390e54e5ffe017706618ca093d1ab790f0f2689"
  integrity sha512-AG1iDDN7Uzku6rFQTjfrqZZRjur8YPkO73PnfDfoj5348DQmFACA8D4X8EhvO8ObIntENK5e/aVviy+sFsAbOA==
  dependencies:
    node-bin-setup "^1.0.0"

yarn@^1.22.22:
  version "1.22.22"
  resolved "https://registry.yarnpkg.com/yarn/-/yarn-1.22.22.tgz#ac34549e6aa8e7ead463a7407e1c7390f61a6610"
  integrity sha512-prL3kGtyG7o9Z9Sv8IPfBNrWTDmXB4Qbes8A9rEzt6wkJV8mUvoirjU0Mp3GGAU06Y0XQyA3/2/RQFVuK7MTfg==
